
Microsoft Visual Studio Solution File, Format Version 12.00
# Visual Studio Version 17
VisualStudioVersion = 17.12.35527.113 d17.12
MinimumVisualStudioVersion = 10.0.40219.1
Project("{FAE04EC0-301F-11D3-BF4B-00C04F79EFBC}") = "Aula2API", "Aula2API\Aula2API.csproj", "{ED1BE70E-9ECF-4AFD-BB91-3F2E7167F13D}"
EndProject
Global
	GlobalSection(SolutionConfigurationPlatforms) = preSolution
		Debug|Any CPU = Debug|Any CPU
		Release|Any CPU = Release|Any CPU
	EndGlobalSection
	GlobalSection(ProjectConfigurationPlatforms) = postSolution
		{ED1BE70E-9ECF-4AFD-BB91-3F2E7167F13D}.Debug|Any CPU.ActiveCfg = Debug|Any CPU
		{ED1BE70E-9ECF-4AFD-BB91-3F2E7167F13D}.Debug|Any CPU.Build.0 = Debug|Any CPU
		{ED1BE70E-9ECF-4AFD-BB91-3F2E7167F13D}.Release|Any CPU.ActiveCfg = Release|Any CPU
		{ED1BE70E-9ECF-4AFD-BB91-3F2E7167F13D}.Release|Any CPU.Build.0 = Release|Any CPU
	EndGlobalSection
	GlobalSection(SolutionProperties) = preSolution
		HideSolutionNode = FALSE
	EndGlobalSection
EndGlobal
